// !$*UTF8*$!
{
	archiveVersion = 1;
	classes = {
	};
	objectVersion = 55;
	objects = {

/* Begin PBXBuildFile section */
		E5A37CE22878B7B10001E850 /* AppDelegate.swift in Sources */ = {isa = PBXBuildFile; fileRef = E5A37CE12878B7B10001E850 /* AppDelegate.swift */; };
		E5A37CE42878B7B10001E850 /* SceneDelegate.swift in Sources */ = {isa = PBXBuildFile; fileRef = E5A37CE32878B7B10001E850 /* SceneDelegate.swift */; };
		E5A37CE62878B7B10001E850 /* ViewController.swift in Sources */ = {isa = PBXBuildFile; fileRef = E5A37CE52878B7B10001E850 /* ViewController.swift */; };
		E5A37CE92878B7B10001E850 /* Main.storyboard in Resources */ = {isa = PBXBuildFile; fileRef = E5A37CE72878B7B10001E850 /* Main.storyboard */; };
		E5A37CEB2878B7B50001E850 /* Assets.xcassets in Resources */ = {isa = PBXBuildFile; fileRef = E5A37CEA2878B7B50001E850 /* Assets.xcassets */; };
		E5A37CEE2878B7B50001E850 /* LaunchScreen.storyboard in Resources */ = {isa = PBXBuildFile; fileRef = E5A37CEC2878B7B50001E850 /* LaunchScreen.storyboard */; };
		E5A37CF92878B7B50001E850 /* KooberTests.swift in Sources */ = {isa = PBXBuildFile; fileRef = E5A37CF82878B7B50001E850 /* KooberTests.swift */; };
		E5A37D032878B7B50001E850 /* KooberUITests.swift in Sources */ = {isa = PBXBuildFile; fileRef = E5A37D022878B7B50001E850 /* KooberUITests.swift */; };
		E5A37D052878B7B50001E850 /* KooberUITestsLaunchTests.swift in Sources */ = {isa = PBXBuildFile; fileRef = E5A37D042878B7B50001E850 /* KooberUITestsLaunchTests.swift */; };
/* End PBXBuildFile section */

/* Begin PBXContainerItemProxy section */
		E5A37CF52878B7B50001E850 /* PBXContainerItemProxy */ = {
			isa = PBXContainerItemProxy;
			containerPortal = E5A37CD62878B7B10001E850 /* Project object */;
			proxyType = 1;
			remoteGlobalIDString = E5A37CDD2878B7B10001E850;
			remoteInfo = Koober;
		};
		E5A37CFF2878B7B50001E850 /* PBXContainerItemProxy */ = {
			isa = PBXContainerItemProxy;
			containerPortal = E5A37CD62878B7B10001E850 /* Project object */;
			proxyType = 1;
			remoteGlobalIDString = E5A37CDD2878B7B10001E850;
			remoteInfo = Koober;
		};
/* End PBXContainerItemProxy section */

/* Begin PBXFileReference section */
		E5A37CDE2878B7B10001E850 /* Koober.app */ = {isa = PBXFileReference; explicitFileType = wrapper.application; includeInIndex = 0; path = Koober.app; sourceTree = BUILT_PRODUCTS_DIR; };
		E5A37CE12878B7B10001E850 /* AppDelegate.swift */ = {isa = PBXFileReference; lastKnownFileType = sourcecode.swift; path = AppDelegate.swift; sourceTree = "<group>"; };
		E5A37CE32878B7B10001E850 /* SceneDelegate.swift */ = {isa = PBXFileReference; lastKnownFileType = sourcecode.swift; path = SceneDelegate.swift; sourceTree = "<group>"; };
		E5A37CE52878B7B10001E850 /* ViewController.swift */ = {isa = PBXFileReference; lastKnownFileType = sourcecode.swift; path = ViewController.swift; sourceTree = "<group>"; };
		E5A37CE82878B7B10001E850 /* Base */ = {isa = PBXFileReference; lastKnownFileType = file.storyboard; name = Base; path = Base.lproj/Main.storyboard; sourceTree = "<group>"; };
		E5A37CEA2878B7B50001E850 /* Assets.xcassets */ = {isa = PBXFileReference; lastKnownFileType = folder.assetcatalog; path = Assets.xcassets; sourceTree = "<group>"; };
		E5A37CED2878B7B50001E850 /* Base */ = {isa = PBXFileReference; lastKnownFileType = file.storyboard; name = Base; path = Base.lproj/LaunchScreen.storyboard; sourceTree = "<group>"; };
		E5A37CEF2878B7B50001E850 /* Info.plist */ = {isa = PBXFileReference; lastKnownFileType = text.plist.xml; path = Info.plist; sourceTree = "<group>"; };
		E5A37CF42878B7B50001E850 /* KooberTests.xctest */ = {isa = PBXFileReference; explicitFileType = wrapper.cfbundle; includeInIndex = 0; path = KooberTests.xctest; sourceTree = BUILT_PRODUCTS_DIR; };
		E5A37CF82878B7B50001E850 /* KooberTests.swift */ = {isa = PBXFileReference; lastKnownFileType = sourcecode.swift; path = KooberTests.swift; sourceTree = "<group>"; };
		E5A37CFE2878B7B50001E850 /* KooberUITests.xctest */ = {isa = PBXFileReference; explicitFileType = wrapper.cfbundle; includeInIndex = 0; path = KooberUITests.xctest; sourceTree = BUILT_PRODUCTS_DIR; };
		E5A37D022878B7B50001E850 /* KooberUITests.swift */ = {isa = PBXFileReference; lastKnownFileType = sourcecode.swift; path = KooberUITests.swift; sourceTree = "<group>"; };
		E5A37D042878B7B50001E850 /* KooberUITestsLaunchTests.swift */ = {isa = PBXFileReference; lastKnownFileType = sourcecode.swift; path = KooberUITestsLaunchTests.swift; sourceTree = "<group>"; };
/* End PBXFileReference section */

/* Begin PBXFrameworksBuildPhase section */
		E5A37CDB2878B7B10001E850 /* Frameworks */ = {
			isa = PBXFrameworksBuildPhase;
			buildActionMask = 2147483647;
			files = (
			);
			runOnlyForDeploymentPostprocessing = 0;
		};
		E5A37CF12878B7B50001E850 /* Frameworks */ = {
			isa = PBXFrameworksBuildPhase;
			buildActionMask = 2147483647;
			files = (
			);
			runOnlyForDeploymentPostprocessing = 0;
		};
		E5A37CFB2878B7B50001E850 /* Frameworks */ = {
			isa = PBXFrameworksBuildPhase;
			buildActionMask = 2147483647;
			files = (
			);
			runOnlyForDeploymentPostprocessing = 0;
		};
/* End PBXFrameworksBuildPhase section */

/* Begin PBXGroup section */
		E5A37CD52878B7B10001E850 = {
			isa = PBXGroup;
			children = (
				E5A37CE02878B7B10001E850 /* Koober */,
				E5A37CF72878B7B50001E850 /* KooberTests */,
				E5A37D012878B7B50001E850 /* KooberUITests */,
				E5A37CDF2878B7B10001E850 /* Products */,
			);
			sourceTree = "<group>";
		};
		E5A37CDF2878B7B10001E850 /* Products */ = {
			isa = PBXGroup;
			children = (
				E5A37CDE2878B7B10001E850 /* Koober.app */,
				E5A37CF42878B7B50001E850 /* KooberTests.xctest */,
				E5A37CFE2878B7B50001E850 /* KooberUITests.xctest */,
			);
			name = Products;
			sourceTree = "<group>";
		};
		E5A37CE02878B7B10001E850 /* Koober */ = {
			isa = PBXGroup;
			children = (
				E5A37CE12878B7B10001E850 /* AppDelegate.swift */,
				E5A37CE32878B7B10001E850 /* SceneDelegate.swift */,
				E5A37CE52878B7B10001E850 /* ViewController.swift */,
				E5A37CE72878B7B10001E850 /* Main.storyboard */,
				E5A37CEA2878B7B50001E850 /* Assets.xcassets */,
				E5A37CEC2878B7B50001E850 /* LaunchScreen.storyboard */,
				E5A37CEF2878B7B50001E850 /* Info.plist */,
			);
			path = Koober;
			sourceTree = "<group>";
		};
		E5A37CF72878B7B50001E850 /* KooberTests */ = {
			isa = PBXGroup;
			children = (
				E5A37CF82878B7B50001E850 /* KooberTests.swift */,
			);
			path = KooberTests;
			sourceTree = "<group>";
		};
		E5A37D012878B7B50001E850 /* KooberUITests */ = {
			isa = PBXGroup;
			children = (
				E5A37D022878B7B50001E850 /* KooberUITests.swift */,
				E5A37D042878B7B50001E850 /* KooberUITestsLaunchTests.swift */,
			);
			path = KooberUITests;
			sourceTree = "<group>";
		};
/* End PBXGroup section */

/* Begin PBXNativeTarget section */
		E5A37CDD2878B7B10001E850 /* Koober */ = {
			isa = PBXNativeTarget;
			buildConfigurationList = E5A37D082878B7B50001E850 /* Build configuration list for PBXNativeTarget "Koober" */;
			buildPhases = (
				E5A37CDA2878B7B10001E850 /* Sources */,
				E5A37CDB2878B7B10001E850 /* Frameworks */,
				E5A37CDC2878B7B10001E850 /* Resources */,
			);
			buildRules = (
			);
			dependencies = (
			);
			name = Koober;
			productName = Koober;
			productReference = E5A37CDE2878B7B10001E850 /* Koober.app */;
			productType = "com.apple.product-type.application";
		};
		E5A37CF32878B7B50001E850 /* KooberTests */ = {
			isa = PBXNativeTarget;
			buildConfigurationList = E5A37D0B2878B7B50001E850 /* Build configuration list for PBXNativeTarget "KooberTests" */;
			buildPhases = (
				E5A37CF02878B7B50001E850 /* Sources */,
				E5A37CF12878B7B50001E850 /* Frameworks */,
				E5A37CF22878B7B50001E850 /* Resources */,
			);
			buildRules = (
			);
			dependencies = (
				E5A37CF62878B7B50001E850 /* PBXTargetDependency */,
			);
			name = KooberTests;
			productName = KooberTests;
			productReference = E5A37CF42878B7B50001E850 /* KooberTests.xctest */;
			productType = "com.apple.product-type.bundle.unit-test";
		};
		E5A37CFD2878B7B50001E850 /* KooberUITests */ = {
			isa = PBXNativeTarget;
			buildConfigurationList = E5A37D0E2878B7B50001E850 /* Build configuration list for PBXNativeTarget "KooberUITests" */;
			buildPhases = (
				E5A37CFA2878B7B50001E850 /* Sources */,
				E5A37CFB2878B7B50001E850 /* Frameworks */,
				E5A37CFC2878B7B50001E850 /* Resources */,
			);
			buildRules = (
			);
			dependencies = (
				E5A37D002878B7B50001E850 /* PBXTargetDependency */,
			);
			name = KooberUITests;
			productName = KooberUITests;
			productReference = E5A37CFE2878B7B50001E850 /* KooberUITests.xctest */;
			productType = "com.apple.product-type.bundle.ui-testing";
		};
/* End PBXNativeTarget section */

/* Begin PBXProject section */
		E5A37CD62878B7B10001E850 /* Project object */ = {
			isa = PBXProject;
			attributes = {
				BuildIndependentTargetsInParallel = 1;
				LastSwiftUpdateCheck = 1340;
				LastUpgradeCheck = 1340;
				TargetAttributes = {
					E5A37CDD2878B7B10001E850 = {
						CreatedOnToolsVersion = 13.4.1;
					};
					E5A37CF32878B7B50001E850 = {
						CreatedOnToolsVersion = 13.4.1;
						TestTargetID = E5A37CDD2878B7B10001E850;
					};
					E5A37CFD2878B7B50001E850 = {
						CreatedOnToolsVersion = 13.4.1;
						TestTargetID = E5A37CDD2878B7B10001E850;
					};
				};
			};
			buildConfigurationList = E5A37CD92878B7B10001E850 /* Build configuration list for PBXProject "Koober" */;
			compatibilityVersion = "Xcode 13.0";
			developmentRegion = en;
			hasScannedForEncodings = 0;
			knownRegions = (
				en,
				Base,
			);
			mainGroup = E5A37CD52878B7B10001E850;
			productRefGroup = E5A37CDF2878B7B10001E850 /* Products */;
			projectDirPath = "";
			projectRoot = "";
			targets = (
				E5A37CDD2878B7B10001E850 /* Koober */,
				E5A37CF32878B7B50001E850 /* KooberTests */,
				E5A37CFD2878B7B50001E850 /* KooberUITests */,
			);
		};
/* End PBXProject section */

/* Begin PBXResourcesBuildPhase section */
		E5A37CDC2878B7B10001E850 /* Resources */ = {
			isa = PBXResourcesBuildPhase;
			buildActionMask = 2147483647;
			files = (
				E5A37CEE2878B7B50001E850 /* LaunchScreen.storyboard in Resources */,
				E5A37CEB2878B7B50001E850 /* Assets.xcassets in Resources */,
				E5A37CE92878B7B10001E850 /* Main.storyboard in Resources */,
			);
			runOnlyForDeploymentPostprocessing = 0;
		};
		E5A37CF22878B7B50001E850 /* Resources */ = {
			isa = PBXResourcesBuildPhase;
			buildActionMask = 2147483647;
			files = (
			);
			runOnlyForDeploymentPostprocessing = 0;
		};
		E5A37CFC2878B7B50001E850 /* Resources */ = {
			isa = PBXResourcesBuildPhase;
			buildActionMask = 2147483647;
			files = (
			);
			runOnlyForDeploymentPostprocessing = 0;
		};
/* End PBXResourcesBuildPhase section */

/* Begin PBXSourcesBuildPhase section */
		E5A37CDA2878B7B10001E850 /* Sources */ = {
			isa = PBXSourcesBuildPhase;
			buildActionMask = 2147483647;
			files = (
				E5A37CE62878B7B10001E850 /* ViewController.swift in Sources */,
				E5A37CE22878B7B10001E850 /* AppDelegate.swift in Sources */,
				E5A37CE42878B7B10001E850 /* SceneDelegate.swift in Sources */,
			);
			runOnlyForDeploymentPostprocessing = 0;
		};
		E5A37CF02878B7B50001E850 /* Sources */ = {
			isa = PBXSourcesBuildPhase;
			buildActionMask = 2147483647;
			files = (
				E5A37CF92878B7B50001E850 /* KooberTests.swift in Sources */,
			);
			runOnlyForDeploymentPostprocessing = 0;
		};
		E5A37CFA2878B7B50001E850 /* Sources */ = {
			isa = PBXSourcesBuildPhase;
			buildActionMask = 2147483647;
			files = (
				E5A37D052878B7B50001E850 /* KooberUITestsLaunchTests.swift in Sources */,
				E5A37D032878B7B50001E850 /* KooberUITests.swift in Sources */,
			);
			runOnlyForDeploymentPostprocessing = 0;
		};
/* End PBXSourcesBuildPhase section */

/* Begin PBXTargetDependency section */
		E5A37CF62878B7B50001E850 /* PBXTargetDependency */ = {
			isa = PBXTargetDependency;
			target = E5A37CDD2878B7B10001E850 /* Koober */;
			targetProxy = E5A37CF52878B7B50001E850 /* PBXContainerItemProxy */;
		};
		E5A37D002878B7B50001E850 /* PBXTargetDependency */ = {
			isa = PBXTargetDependency;
			target = E5A37CDD2878B7B10001E850 /* Koober */;
			targetProxy = E5A37CFF2878B7B50001E850 /* PBXContainerItemProxy */;
		};
/* End PBXTargetDependency section */

/* Begin PBXVariantGroup section */
		E5A37CE72878B7B10001E850 /* Main.storyboard */ = {
			isa = PBXVariantGroup;
			children = (
				E5A37CE82878B7B10001E850 /* Base */,
			);
			name = Main.storyboard;
			sourceTree = "<group>";
		};
		E5A37CEC2878B7B50001E850 /* LaunchScreen.storyboard */ = {
			isa = PBXVariantGroup;
			children = (
				E5A37CED2878B7B50001E850 /* Base */,
			);
			name = LaunchScreen.storyboard;
			sourceTree = "<group>";
		};
/* End PBXVariantGroup section */

/* Begin XCBuildConfiguration section */
		E5A37D062878B7B50001E850 /* Debug */ = {
			isa = XCBuildConfiguration;
			buildSettings = {
				ALWAYS_SEARCH_USER_PATHS = NO;
				CLANG_ANALYZER_NONNULL = YES;
				CLANG_ANALYZER_NUMBER_OBJECT_CONVERSION = YES_AGGRESSIVE;
				CLANG_CXX_LANGUAGE_STANDARD = "gnu++17";
				CLANG_ENABLE_MODULES = YES;
				CLANG_ENABLE_OBJC_ARC = YES;
				CLANG_ENABLE_OBJC_WEAK = YES;
				CLANG_WARN_BLOCK_CAPTURE_AUTORELEASING = YES;
				CLANG_WARN_BOOL_CONVERSION = YES;
				CLANG_WARN_COMMA = YES;
				CLANG_WARN_CONSTANT_CONVERSION = YES;
				CLANG_WARN_DEPRECATED_OBJC_IMPLEMENTATIONS = YES;
				CLANG_WARN_DIRECT_OBJC_ISA_USAGE = YES_ERROR;
				CLANG_WARN_DOCUMENTATION_COMMENTS = YES;
				CLANG_WARN_EMPTY_BODY = YES;
				CLANG_WARN_ENUM_CONVERSION = YES;
				CLANG_WARN_INFINITE_RECURSION = YES;
				CLANG_WARN_INT_CONVERSION = YES;
				CLANG_WARN_NON_LITERAL_NULL_CONVERSION = YES;
				CLANG_WARN_OBJC_IMPLICIT_RETAIN_SELF = YES;
				CLANG_WARN_OBJC_LITERAL_CONVERSION = YES;
				CLANG_WARN_OBJC_ROOT_CLASS = YES_ERROR;
				CLANG_WARN_QUOTED_INCLUDE_IN_FRAMEWORK_HEADER = YES;
				CLANG_WARN_RANGE_LOOP_ANALYSIS = YES;
				CLANG_WARN_STRICT_PROTOTYPES = YES;
				CLANG_WARN_SUSPICIOUS_MOVE = YES;
				CLANG_WARN_UNGUARDED_AVAILABILITY = YES_AGGRESSIVE;
				CLANG_WARN_UNREACHABLE_CODE = YES;
				CLANG_WARN__DUPLICATE_METHOD_MATCH = YES;
				COPY_PHASE_STRIP = NO;
				DEBUG_INFORMATION_FORMAT = dwarf;
				ENABLE_STRICT_OBJC_MSGSEND = YES;
				ENABLE_TESTABILITY = YES;
				GCC_C_LANGUAGE_STANDARD = gnu11;
				GCC_DYNAMIC_NO_PIC = NO;
				GCC_NO_COMMON_BLOCKS = YES;
				GCC_OPTIMIZATION_LEVEL = 0;
				GCC_PREPROCESSOR_DEFINITIONS = (
					"DEBUG=1",
					"$(inherited)",
				);
				GCC_WARN_64_TO_32_BIT_CONVERSION = YES;
				GCC_WARN_ABOUT_RETURN_TYPE = YES_ERROR;
				GCC_WARN_UNDECLARED_SELECTOR = YES;
				GCC_WARN_UNINITIALIZED_AUTOS = YES_AGGRESSIVE;
				GCC_WARN_UNUSED_FUNCTION = YES;
				GCC_WARN_UNUSED_VARIABLE = YES;
				IPHONEOS_DEPLOYMENT_TARGET = 15.5;
				MTL_ENABLE_DEBUG_INFO = INCLUDE_SOURCE;
				MTL_FAST_MATH = YES;
				ONLY_ACTIVE_ARCH = YES;
				SDKROOT = iphoneos;
				SWIFT_ACTIVE_COMPILATION_CONDITIONS = DEBUG;
				SWIFT_OPTIMIZATION_LEVEL = "-Onone";
			};
			name = Debug;
		};
		E5A37D072878B7B50001E850 /* Release */ = {
			isa = XCBuildConfiguration;
			buildSettings = {
				ALWAYS_SEARCH_USER_PATHS = NO;
				CLANG_ANALYZER_NONNULL = YES;
				CLANG_ANALYZER_NUMBER_OBJECT_CONVERSION = YES_AGGRESSIVE;
				CLANG_CXX_LANGUAGE_STANDARD = "gnu++17";
				CLANG_ENABLE_MODULES = YES;
				CLANG_ENABLE_OBJC_ARC = YES;
				CLANG_ENABLE_OBJC_WEAK = YES;
				CLANG_WARN_BLOCK_CAPTURE_AUTORELEASING = YES;
				CLANG_WARN_BOOL_CONVERSION = YES;
				CLANG_WARN_COMMA = YES;
				CLANG_WARN_CONSTANT_CONVERSION = YES;
				CLANG_WARN_DEPRECATED_OBJC_IMPLEMENTATIONS = YES;
				CLANG_WARN_DIRECT_OBJC_ISA_USAGE = YES_ERROR;
				CLANG_WARN_DOCUMENTATION_COMMENTS = YES;
				CLANG_WARN_EMPTY_BODY = YES;
				CLANG_WARN_ENUM_CONVERSION = YES;
				CLANG_WARN_INFINITE_RECURSION = YES;
				CLANG_WARN_INT_CONVERSION = YES;
				CLANG_WARN_NON_LITERAL_NULL_CONVERSION = YES;
				CLANG_WARN_OBJC_IMPLICIT_RETAIN_SELF = YES;
				CLANG_WARN_OBJC_LITERAL_CONVERSION = YES;
				CLANG_WARN_OBJC_ROOT_CLASS = YES_ERROR;
				CLANG_WARN_QUOTED_INCLUDE_IN_FRAMEWORK_HEADER = YES;
				CLANG_WARN_RANGE_LOOP_ANALYSIS = YES;
				CLANG_WARN_STRICT_PROTOTYPES = YES;
				CLANG_WARN_SUSPICIOUS_MOVE = YES;
				CLANG_WARN_UNGUARDED_AVAILABILITY = YES_AGGRESSIVE;
				CLANG_WARN_UNREACHABLE_CODE = YES;
				CLANG_WARN__DUPLICATE_METHOD_MATCH = YES;
				COPY_PHASE_STRIP = NO;
				DEBUG_INFORMATION_FORMAT = "dwarf-with-dsym";
				ENABLE_NS_ASSERTIONS = NO;
				ENABLE_STRICT_OBJC_MSGSEND = YES;
				GCC_C_LANGUAGE_STANDARD = gnu11;
				GCC_NO_COMMON_BLOCKS = YES;
				GCC_WARN_64_TO_32_BIT_CONVERSION = YES;
				GCC_WARN_ABOUT_RETURN_TYPE = YES_ERROR;
				GCC_WARN_UNDECLARED_SELECTOR = YES;
				GCC_WARN_UNINITIALIZED_AUTOS = YES_AGGRESSIVE;
				GCC_WARN_UNUSED_FUNCTION = YES;
				GCC_WARN_UNUSED_VARIABLE = YES;
				IPHONEOS_DEPLOYMENT_TARGET = 15.5;
				MTL_ENABLE_DEBUG_INFO = NO;
				MTL_FAST_MATH = YES;
				SDKROOT = iphoneos;
				SWIFT_COMPILATION_MODE = wholemodule;
				SWIFT_OPTIMIZATION_LEVEL = "-O";
				VALIDATE_PRODUCT = YES;
			};
			name = Release;
		};
		E5A37D092878B7B50001E850 /* Debug */ = {
			isa = XCBuildConfiguration;
			buildSettings = {
				ASSETCATALOG_COMPILER_APPICON_NAME = AppIcon;
				ASSETCATALOG_COMPILER_GLOBAL_ACCENT_COLOR_NAME = AccentColor;
				CODE_SIGN_STYLE = Automatic;
				CURRENT_PROJECT_VERSION = 1;
				DEVELOPMENT_TEAM = P5U3KF2575;
				GENERATE_INFOPLIST_FILE = YES;
				INFOPLIST_FILE = Koober/Info.plist;
				INFOPLIST_KEY_UIApplicationSupportsIndirectInputEvents = YES;
				INFOPLIST_KEY_UILaunchStoryboardName = LaunchScreen;
				INFOPLIST_KEY_UIMainStoryboardFile = Main;
				INFOPLIST_KEY_UISupportedInterfaceOrientations_iPad = "UIInterfaceOrientationPortrait UIInterfaceOrientationPortraitUpsideDown UIInterfaceOrientationLandscapeLeft UIInterfaceOrientationLandscapeRight";
				INFOPLIST_KEY_UISupportedInterfaceOrientations_iPhone = "UIInterfaceOrientationPortrait UIInterfaceOrientationLandscapeLeft UIInterfaceOrientationLandscapeRight";
				LD_RUNPATH_SEARCH_PATHS = (
					"$(inherited)",
					"@executable_path/Frameworks",
				);
				MARKETING_VERSION = 1.0;
				PRODUCT_BUNDLE_IDENTIFIER = mpc.Koober;
				PRODUCT_NAME = "$(TARGET_NAME)";
				SWIFT_EMIT_LOC_STRINGS = YES;
				SWIFT_VERSION = 5.0;
				TARGETED_DEVICE_FAMILY = "1,2";
			};
			name = Debug;
		};
		E5A37D0A2878B7B50001E850 /* Release */ = {
			isa = XCBuildConfiguration;
			buildSettings = {
				ASSETCATALOG_COMPILER_APPICON_NAME = AppIcon;
				ASSETCATALOG_COMPILER_GLOBAL_ACCENT_COLOR_NAME = AccentColor;
				CODE_SIGN_STYLE = Automatic;
				CURRENT_PROJECT_VERSION = 1;
				DEVELOPMENT_TEAM = P5U3KF2575;
				GENERATE_INFOPLIST_FILE = YES;
				INFOPLIST_FILE = Koober/Info.plist;
				INFOPLIST_KEY_UIApplicationSupportsIndirectInputEvents = YES;
				INFOPLIST_KEY_UILaunchStoryboardName = LaunchScreen;
				INFOPLIST_KEY_UIMainStoryboardFile = Main;
				INFOPLIST_KEY_UISupportedInterfaceOrientations_iPad = "UIInterfaceOrientationPortrait UIInterfaceOrientationPortraitUpsideDown UIInterfaceOrientationLandscapeLeft UIInterfaceOrientationLandscapeRight";
				INFOPLIST_KEY_UISupportedInterfaceOrientations_iPhone = "UIInterfaceOrientationPortrait UIInterfaceOrientationLandscapeLeft UIInterfaceOrientationLandscapeRight";
				LD_RUNPATH_SEARCH_PATHS = (
					"$(inherited)",
					"@executable_path/Frameworks",
				);
				MARKETING_VERSION = 1.0;
				PRODUCT_BUNDLE_IDENTIFIER = mpc.Koober;
				PRODUCT_NAME = "$(TARGET_NAME)";
				SWIFT_EMIT_LOC_STRINGS = YES;
				SWIFT_VERSION = 5.0;
				TARGETED_DEVICE_FAMILY = "1,2";
			};
			name = Release;
		};
		E5A37D0C2878B7B50001E850 /* Debug */ = {
			isa = XCBuildConfiguration;
			buildSettings = {
				ALWAYS_EMBED_SWIFT_STANDARD_LIBRARIES = YES;
				BUNDLE_LOADER = "$(TEST_HOST)";
				CODE_SIGN_STYLE = Automatic;
				CURRENT_PROJECT_VERSION = 1;
				DEVELOPMENT_TEAM = P5U3KF2575;
				GENERATE_INFOPLIST_FILE = YES;
				IPHONEOS_DEPLOYMENT_TARGET = 15.5;
				MARKETING_VERSION = 1.0;
				PRODUCT_BUNDLE_IDENTIFIER = mpc.KooberTests;
				PRODUCT_NAME = "$(TARGET_NAME)";
				SWIFT_EMIT_LOC_STRINGS = NO;
				SWIFT_VERSION = 5.0;
				TARGETED_DEVICE_FAMILY = "1,2";
				TEST_HOST = "$(BUILT_PRODUCTS_DIR)/Koober.app/Koober";
			};
			name = Debug;
		};
		E5A37D0D2878B7B50001E850 /* Release */ = {
			isa = XCBuildConfiguration;
			buildSettings = {
				ALWAYS_EMBED_SWIFT_STANDARD_LIBRARIES = YES;
				BUNDLE_LOADER = "$(TEST_HOST)";
				CODE_SIGN_STYLE = Automatic;
				CURRENT_PROJECT_VERSION = 1;
				DEVELOPMENT_TEAM = P5U3KF2575;
				GENERATE_INFOPLIST_FILE = YES;
				IPHONEOS_DEPLOYMENT_TARGET = 15.5;
				MARKETING_VERSION = 1.0;
				PRODUCT_BUNDLE_IDENTIFIER = mpc.KooberTests;
				PRODUCT_NAME = "$(TARGET_NAME)";
				SWIFT_EMIT_LOC_STRINGS = NO;
				SWIFT_VERSION = 5.0;
				TARGETED_DEVICE_FAMILY = "1,2";
				TEST_HOST = "$(BUILT_PRODUCTS_DIR)/Koober.app/Koober";
			};
			name = Release;
		};
		E5A37D0F2878B7B50001E850 /* Debug */ = {
			isa = XCBuildConfiguration;
			buildSettings = {
				ALWAYS_EMBED_SWIFT_STANDARD_LIBRARIES = YES;
				CODE_SIGN_STYLE = Automatic;
				CURRENT_PROJECT_VERSION = 1;
				DEVELOPMENT_TEAM = P5U3KF2575;
				GENERATE_INFOPLIST_FILE = YES;
				MARKETING_VERSION = 1.0;
				PRODUCT_BUNDLE_IDENTIFIER = mpc.KooberUITests;
				PRODUCT_NAME = "$(TARGET_NAME)";
				SWIFT_EMIT_LOC_STRINGS = NO;
				SWIFT_VERSION = 5.0;
				TARGETED_DEVICE_FAMILY = "1,2";
				TEST_TARGET_NAME = Koober;
			};
			name = Debug;
		};
		E5A37D102878B7B50001E850 /* Release */ = {
			isa = XCBuildConfiguration;
			buildSettings = {
				ALWAYS_EMBED_SWIFT_STANDARD_LIBRARIES = YES;
				CODE_SIGN_STYLE = Automatic;
				CURRENT_PROJECT_VERSION = 1;
				DEVELOPMENT_TEAM = P5U3KF2575;
				GENERATE_INFOPLIST_FILE = YES;
				MARKETING_VERSION = 1.0;
				PRODUCT_BUNDLE_IDENTIFIER = mpc.KooberUITests;
				PRODUCT_NAME = "$(TARGET_NAME)";
				SWIFT_EMIT_LOC_STRINGS = NO;
				SWIFT_VERSION = 5.0;
				TARGETED_DEVICE_FAMILY = "1,2";
				TEST_TARGET_NAME = Koober;
			};
			name = Release;
		};
/* End XCBuildConfiguration section */

/* Begin XCConfigurationList section */
		E5A37CD92878B7B10001E850 /* Build configuration list for PBXProject "Koober" */ = {
			isa = XCConfigurationList;
			buildConfigurations = (
				E5A37D062878B7B50001E850 /* Debug */,
				E5A37D072878B7B50001E850 /* Release */,
			);
			defaultConfigurationIsVisible = 0;
			defaultConfigurationName = Release;
		};
		E5A37D082878B7B50001E850 /* Build configuration list for PBXNativeTarget "Koober" */ = {
			isa = XCConfigurationList;
			buildConfigurations = (
				E5A37D092878B7B50001E850 /* Debug */,
				E5A37D0A2878B7B50001E850 /* Release */,
			);
			defaultConfigurationIsVisible = 0;
			defaultConfigurationName = Release;
		};
		E5A37D0B2878B7B50001E850 /* Build configuration list for PBXNativeTarget "KooberTests" */ = {
			isa = XCConfigurationList;
			buildConfigurations = (
				E5A37D0C2878B7B50001E850 /* Debug */,
				E5A37D0D2878B7B50001E850 /* Release */,
			);
			defaultConfigurationIsVisible = 0;
			defaultConfigurationName = Release;
		};
		E5A37D0E2878B7B50001E850 /* Build configuration list for PBXNativeTarget "KooberUITests" */ = {
			isa = XCConfigurationList;
			buildConfigurations = (
				E5A37D0F2878B7B50001E850 /* Debug */,
				E5A37D102878B7B50001E850 /* Release */,
			);
			defaultConfigurationIsVisible = 0;
			defaultConfigurationName = Release;
		};
/* End XCConfigurationList section */
	};
	rootObject = E5A37CD62878B7B10001E850 /* Project object */;
}
